<?xml version="1.0" encoding="utf-8"?>
<Project ToolsVersion="4.0" xmlns="http://schemas.microsoft.com/developer/msbuild/2003">
  <ItemGroup>
    <Filter Include="Source Files">
      <UniqueIdentifier>{fdf1ec36-0564-4863-b30c-04d742e9bc29}</UniqueIdentifier>
      <Extensions>cpp;c;cxx;rc;def;r;odl;idl;hpj;bat</Extensions>
    </Filter>
    <Filter Include="Header Files">
      <UniqueIdentifier>{731bb79a-9319-4771-9ecf-7cd94aa9903d}</UniqueIdentifier>
      <Extensions>h;hpp;hxx;hm;inl</Extensions>
    </Filter>
    <Filter Include="Resource Files">
      <UniqueIdentifier>{dd201d88-868f-45b8-b2ce-da61d6803547}</UniqueIdentifier>
      <Extensions>ico;cur;bmp;dlg;rc2;rct;bin;rgs;gif;jpg;jpeg;jpe</Extensions>
    </Filter>
    <Filter Include="Libraries">
      <UniqueIdentifier>{bd299a2e-c10d-4a50-8117-14e9d3f6f907}</UniqueIdentifier>
    </Filter>
    <Filter Include="Libraries\sn">
      <UniqueIdentifier>{34f6162a-5d26-461a-8ede-ecc4ac1ad839}</UniqueIdentifier>
    </Filter>
  </ItemGroup>
  <ItemGroup>
    <ClCompile Include="BenubirdShell.cpp">
      <Filter>Source Files</Filter>
    </ClCompile>
    <ClCompile Include="StdAfx.cpp">
      <Filter>Source Files</Filter>
    </ClCompile>
    <ClCompile Include="BenubirdShellExt.cpp">
      <Filter>Source Files</Filter>
    </ClCompile>
    <ClCompile Include="..\Libraries\sn\sn.cpp">
      <Filter>Libraries\sn</Filter>
    </ClCompile>
  </ItemGroup>
  <ItemGroup>
    <None Include="BenubirdShell.def">
      <Filter>Source Files</Filter>
    </None>
    <None Include="ShellExt.rgs">
      <Filter>Resource Files</Filter>
    </None>
  </ItemGroup>
  <ItemGroup>
    <Midl Include="BenubirdShell.idl">
      <Filter>Source Files</Filter>
    </Midl>
  </ItemGroup>
  <ItemGroup>
    <ResourceCompile Include="BenubirdShell.rc">
      <Filter>Source Files</Filter>
    </ResourceCompile>
  </ItemGroup>
  <ItemGroup>
    <ClInclude Include="BenubirdShellExt.h">
      <Filter>Header Files</Filter>
    </ClInclude>
    <ClInclude Include="CBenubird.h">
      <Filter>Header Files</Filter>
    </ClInclude>
    <ClInclude Include="Resource.h">
      <Filter>Header Files</Filter>
    </ClInclude>
    <ClInclude Include="StdAfx.h">
      <Filter>Header Files</Filter>
    </ClInclude>
    <ClInclude Include="..\..\..\..\..\..\Libraries\sn\sn.h">
      <Filter>Header Files</Filter>
    </ClInclude>
    <ClInclude Include="..\Libraries\sn\sn.h">
      <Filter>Libraries\sn</Filter>
    </ClInclude>
  </ItemGroup>
</Project>